PATH
  remote: .
  specs:
    spoonerize (0.3.0)
      csv

GEM
  remote: https://rubygems.org/
  specs:
    csv (3.3.5)
    date (3.5.1)
    erb (6.0.4)
    power_assert (3.0.1)
    psych (5.4.0)
      date
      stringio
    rake (13.4.2)
    rdoc (7.2.0)
      erb
      psych (>= 4.0.0)
      tsort
    stringio (3.2.0)
    test-unit (3.7.8)
      power_assert
    tsort (0.2.0)

PLATFORMS
  arm64-darwin-25
  x86_64-darwin-20
  x86_64-linux

DEPENDENCIES
  rake (~> 13.0, >= 13.0.1)
  rdoc
  spoonerize!
  test-unit (~> 3.3, >= 3.3.5)

BUNDLED WITH
  4.0.10
